
Microsoft Visual Studio Solution File, Format Version 12.00
# Visual Studio Version 16
VisualStudioVersion = 16.0.29209.62
MinimumVisualStudioVersion = 10.0.40219.1
Project("{FAE04EC0-301F-11D3-BF4B-00C04F79EFBC}") = "TagHelpersNotPurple", "TagHelpersNotPurple.csproj", "{A5471E85-78CE-4435-B881-2FBAC94E46EE}"
EndProject
Global
	GlobalSection(SolutionConfigurationPlatforms) = preSolution
		Debug|Any CPU = Debug|Any CPU
		Release|Any CPU = Release|Any CPU
	EndGlobalSection
	GlobalSection(ProjectConfigurationPlatforms) = postSolution
		{A5471E85-78CE-4435-B881-2FBAC94E46EE}.Debug|Any CPU.ActiveCfg = Debug|Any CPU
		{A5471E85-78CE-4435-B881-2FBAC94E46EE}.Debug|Any CPU.Build.0 = Debug|Any CPU
		{A5471E85-78CE-4435-B881-2FBAC94E46EE}.Release|Any CPU.ActiveCfg = Release|Any CPU
		{A5471E85-78CE-4435-B881-2FBAC94E46EE}.Release|Any CPU.Build.0 = Release|Any CPU
	EndGlobalSection
	GlobalSection(SolutionProperties) = preSolution
		HideSolutionNode = FALSE
	EndGlobalSection
	GlobalSection(ExtensibilityGlobals) = postSolution
		SolutionGuid = {13627125-C59F-493C-A57C-7381498948D7}
	EndGlobalSection
EndGlobal
